
Microsoft Visual Studio Solution File, Format Version 12.00
# Visual Studio Version 16
VisualStudioVersion = 16.0.31025.218
MinimumVisualStudioVersion = 10.0.40219.1
Project("{2150E333-8FDC-42A3-9474-1A3956D46DE8}") = "Source", "Source", "{5344DF8E-D9C8-42FF-B409-98B951249AC3}"
EndProject
Project("{9A19103F-16F7-4668-BE54-9A1E7A4F7556}") = "MultiLanguage.Core", "Source\Core\MultiLanguage.Core.csproj", "{5158010C-DA6B-42D5-AD2F-53A77CF02128}"
EndProject
Project("{9A19103F-16F7-4668-BE54-9A1E7A4F7556}") = "MultiLanguage.MVC.AspNetCore", "Source\MVC\MultiLanguage.MVC.AspNetCore.csproj", "{38F9E4A5-0109-4DA7-BC76-BA543F0AE13C}"
EndProject
Global
	GlobalSection(SolutionConfigurationPlatforms) = preSolution
		Debug|Any CPU = Debug|Any CPU
		Release|Any CPU = Release|Any CPU
	EndGlobalSection
	GlobalSection(ProjectConfigurationPlatforms) = postSolution
		{5158010C-DA6B-42D5-AD2F-53A77CF02128}.Debug|Any CPU.ActiveCfg = Debug|Any CPU
		{5158010C-DA6B-42D5-AD2F-53A77CF02128}.Debug|Any CPU.Build.0 = Debug|Any CPU
		{5158010C-DA6B-42D5-AD2F-53A77CF02128}.Release|Any CPU.ActiveCfg = Release|Any CPU
		{5158010C-DA6B-42D5-AD2F-53A77CF02128}.Release|Any CPU.Build.0 = Release|Any CPU
		{38F9E4A5-0109-4DA7-BC76-BA543F0AE13C}.Debug|Any CPU.ActiveCfg = Debug|Any CPU
		{38F9E4A5-0109-4DA7-BC76-BA543F0AE13C}.Debug|Any CPU.Build.0 = Debug|Any CPU
		{38F9E4A5-0109-4DA7-BC76-BA543F0AE13C}.Release|Any CPU.ActiveCfg = Release|Any CPU
		{38F9E4A5-0109-4DA7-BC76-BA543F0AE13C}.Release|Any CPU.Build.0 = Release|Any CPU
	EndGlobalSection
	GlobalSection(SolutionProperties) = preSolution
		HideSolutionNode = FALSE
	EndGlobalSection
	GlobalSection(NestedProjects) = preSolution
		{5158010C-DA6B-42D5-AD2F-53A77CF02128} = {5344DF8E-D9C8-42FF-B409-98B951249AC3}
		{38F9E4A5-0109-4DA7-BC76-BA543F0AE13C} = {5344DF8E-D9C8-42FF-B409-98B951249AC3}
	EndGlobalSection
	GlobalSection(ExtensibilityGlobals) = postSolution
		SolutionGuid = {B002BA2E-9C1E-4443-8805-583D9DD705FC}
	EndGlobalSection
EndGlobal
